{
  "originHash" : "426efb49ae7cc12755752941c2bff826493ce138c4c6c9fcaeec9c18091f3c11",
  "pins" : [
    {
      "identity" : "beautiful-mermaid-swift",
      "kind" : "remoteSourceControl",
      "location" : "https://github.com/lukilabs/beautiful-mermaid-swift.git",
      "state" : {
        "revision" : "6a23a29e91af8f5b3e9fc09945332ca193bd69ec",
        "version" : "1.0.4"
      }
    },
    {
      "identity" : "elk-swift",
      "kind" : "remoteSourceControl",
      "location" : "https://github.com/lukilabs/elk-swift",
      "state" : {
        "revision" : "32f8042e3509a4819f00ff9cd46e829ec2b26da0",
        "version" : "1.0.2"
      }
    },
    {
      "identity" : "gzipswift",
      "kind" : "remoteSourceControl",
      "location" : "https://github.com/1024jp/GzipSwift",
      "state" : {
        "revision" : "731037f6cc2be2ec01562f6597c1d0aa3fe6fd05",
        "version" : "6.0.1"
      }
    },
    {
      "identity" : "highlighterswift",
      "kind" : "remoteSourceControl",
      "location" : "https://github.com/smittytone/HighlighterSwift",
      "state" : {
        "revision" : "fe7aae9c9b31d3b296fd3d2dd575e1a207bb29e0",
        "version" : "3.1.0"
      }
    },
    {
      "identity" : "libgit2",
      "kind" : "remoteSourceControl",
      "location" : "https://github.com/ibrahimcetin/libgit2.git",
      "state" : {
        "revision" : "52287b0914f300f916b58fec80e13d8dd8f6824f",
        "version" : "1.9.2"
      }
    },
    {
      "identity" : "mlx-swift",
      "kind" : "remoteSourceControl",
      "location" : "https://github.com/ml-explore/mlx-swift",
      "state" : {
        "revision" : "072b684acaae80b6a463abab3a103732f33774bf",
        "version" : "0.29.1"
      }
    },
    {
      "identity" : "mlx-swift-examples",
      "kind" : "remoteSourceControl",
      "location" : "https://github.com/ml-explore/mlx-swift-examples.git",
      "state" : {
        "revision" : "9bff95ca5f0b9e8c021acc4d71a2bbe4a7441631",
        "version" : "2.29.1"
      }
    },
    {
      "identity" : "openai",
      "kind" : "remoteSourceControl",
      "location" : "https://github.com/MacPaw/OpenAI.git",
      "state" : {
        "revision" : "40406cf4ef6caeed49ec88071bc6e37f0f04b8d3",
        "version" : "0.5.0"
      }
    },
    {
      "identity" : "swift-cmark",
      "kind" : "remoteSourceControl",
      "location" : "https://github.com/swiftlang/swift-cmark.git",
      "state" : {
        "revision" : "924936d0427cb25a61169739a7660230bffa6ea6",
        "version" : "0.8.0"
      }
    },
    {
      "identity" : "swift-collections",
      "kind" : "remoteSourceControl",
      "location" : "https://github.com/apple/swift-collections.git",
      "state" : {
        "revision" : "a0cb0954ecb21e4e31b0070e6ed5674e8556685a",
        "version" : "1.6.0"
      }
    },
    {
      "identity" : "swift-http-types",
      "kind" : "remoteSourceControl",
      "location" : "https://github.com/apple/swift-http-types",
      "state" : {
        "revision" : "db774a277f60063a32d854f2980299caf06da041",
        "version" : "1.6.0"
      }
    },
    {
      "identity" : "swift-jinja",
      "kind" : "remoteSourceControl",
      "location" : "https://github.com/huggingface/swift-jinja.git",
      "state" : {
        "revision" : "0b67ecb79139f6addef8699eff3622808aa6c7dc",
        "version" : "2.3.6"
      }
    },
    {
      "identity" : "swift-markdown",
      "kind" : "remoteSourceControl",
      "location" : "https://github.com/swiftlang/swift-markdown.git",
      "state" : {
        "revision" : "3c6f9523da3a1ec2fd829673e472d95b8097a3b8",
        "version" : "0.8.0"
      }
    },
    {
      "identity" : "swift-numerics",
      "kind" : "remoteSourceControl",
      "location" : "https://github.com/apple/swift-numerics",
      "state" : {
        "revision" : "0c0290ff6b24942dadb83a929ffaaa1481df04a2",
        "version" : "1.1.1"
      }
    },
    {
      "identity" : "swift-openapi-runtime",
      "kind" : "remoteSourceControl",
      "location" : "https://github.com/apple/swift-openapi-runtime",
      "state" : {
        "revision" : "3d3a8457661daf7fb260ceeb9f0e24e5204ba5fb",
        "version" : "1.12.0"
      }
    },
    {
      "identity" : "swift-transformers",
      "kind" : "remoteSourceControl",
      "location" : "https://github.com/huggingface/swift-transformers.git",
      "state" : {
        "revision" : "a2e184dddb4757bc943e77fbe99ac6786c53f0b2",
        "version" : "1.0.0"
      }
    },
    {
      "identity" : "swiftgitx",
      "kind" : "remoteSourceControl",
      "location" : "https://github.com/ibrahimcetin/SwiftGitX.git",
      "state" : {
        "revision" : "fcfb71e3dcbbaa70d120b98b7477ce173074aec3",
        "version" : "0.4.0"
      }
    },
    {
      "identity" : "swiftmath",
      "kind" : "remoteSourceControl",
      "location" : "https://github.com/mgriebling/SwiftMath",
      "state" : {
        "revision" : "fa8244ed032f4a1ade4cb0571bf87d2f1a9fd2d7",
        "version" : "1.7.3"
      }
    }
  ],
  "version" : 3
}
